
Microsoft Visual Studio Solution File, Format Version 12.00
# Visual Studio Version 16
VisualStudioVersion = 16.0.30611.23
MinimumVisualStudioVersion = 10.0.40219.1
Project("{8BC9CEB8-8B4A-11D0-8D11-00A0C91BC942}") = "ConsoleApplication4", "ConsoleApplication4\ConsoleApplication4.vcxproj", "{14F6D726-13F6-45A8-9128-A99979CD41DD}"
EndProject
Project("{2150E333-8FDC-42A3-9474-1A3956D46DE8}") = "oldVersion", "oldVersion", "{FEBA8CEA-7A7D-472B-BC12-9841A44CF863}"
	ProjectSection(SolutionItems) = preProject
		ConsoleApplication4\myBox_oldssss.cold = ConsoleApplication4\myBox_oldssss.cold
	EndProjectSection
EndProject
Global
	GlobalSection(SolutionConfigurationPlatforms) = preSolution
		Debug|x64 = Debug|x64
		Debug|x86 = Debug|x86
		Release|x64 = Release|x64
		Release|x86 = Release|x86
	EndGlobalSection
	GlobalSection(ProjectConfigurationPlatforms) = postSolution
		{14F6D726-13F6-45A8-9128-A99979CD41DD}.Debug|x64.ActiveCfg = Debug|x64
		{14F6D726-13F6-45A8-9128-A99979CD41DD}.Debug|x64.Build.0 = Debug|x64
		{14F6D726-13F6-45A8-9128-A99979CD41DD}.Debug|x86.ActiveCfg = Debug|Win32
		{14F6D726-13F6-45A8-9128-A99979CD41DD}.Debug|x86.Build.0 = Debug|Win32
		{14F6D726-13F6-45A8-9128-A99979CD41DD}.Release|x64.ActiveCfg = Release|x64
		{14F6D726-13F6-45A8-9128-A99979CD41DD}.Release|x64.Build.0 = Release|x64
		{14F6D726-13F6-45A8-9128-A99979CD41DD}.Release|x86.ActiveCfg = Release|Win32
		{14F6D726-13F6-45A8-9128-A99979CD41DD}.Release|x86.Build.0 = Release|Win32
	EndGlobalSection
	GlobalSection(SolutionProperties) = preSolution
		HideSolutionNode = FALSE
	EndGlobalSection
	GlobalSection(ExtensibilityGlobals) = postSolution
		SolutionGuid = {AA477B00-FEB8-407A-9C57-00BA57DD70C8}
	EndGlobalSection
EndGlobal
